# This file is automatically @generated by Cargo.
# It is not intended for manual editing.
version = 3

[[package]]
name = "autocfg"
version = "1.0.1"
source = "registry+https://github.com/rust-lang/crates.io-index"
checksum = "cdb031dd78e28731d87d56cc8ffef4a8f36ca26c38fe2de700543e627f8a464a"

[[package]]
name = "day13b"
version = "0.1.0"
dependencies = [
 "ring-algorithm",
]

[[package]]
name = "num-bigint"
version = "0.3.3"
source = "registry+https://github.com/rust-lang/crates.io-index"
checksum = "5f6f7833f2cbf2360a6cfd58cd41a53aa7a90bd4c202f5b1c7dd2ed73c57b2c3"
dependencies = [
 "autocfg",
 "num-integer",
 "num-traits",
]

[[package]]
name = "num-integer"
version = "0.1.44"
source = "registry+https://github.com/rust-lang/crates.io-index"
checksum = "d2cc698a63b549a70bc047073d2949cce27cd1c7b0a4a862d08a8031bc2801db"
dependencies = [
 "autocfg",
 "num-traits",
]

[[package]]
name = "num-traits"
version = "0.2.14"
source = "registry+https://github.com/rust-lang/crates.io-index"
checksum = "9a64b1ec5cda2586e284722486d802acf1f7dbdc623e2bfc57e65ca1cd099290"
dependencies = [
 "autocfg",
]

[[package]]
name = "ring-algorithm"
version = "0.2.3"
source = "registry+https://github.com/rust-lang/crates.io-index"
checksum = "ef97b6162a505432db23759895f5c16b9464167d88c895f151fdcdc3ad816d89"
dependencies = [
 "num-bigint",
 "num-traits",
 "take_mut",
]

[[package]]
name = "take_mut"
version = "0.2.2"
source = "registry+https://github.com/rust-lang/crates.io-index"
checksum = "f764005d11ee5f36500a149ace24e00e3da98b0158b3e2d53a7495660d3f4d60"
