# This file is automatically @generated by Cargo.
# It is not intended for manual editing.
[[package]]
name = "aho-corasick"
version = "0.7.15"
source = "registry+https://github.com/rust-lang/crates.io-index"
checksum = "7404febffaa47dac81aa44dba71523c9d069b1bdc50a77db41195149e17f68e5"
dependencies = [
 "memchr",
]

[[package]]
name = "arrayvec"
version = "0.5.2"
source = "registry+https://github.com/rust-lang/crates.io-index"
checksum = "23b62fc65de8e4e7f52534fb52b0f3ed04746ae267519eef2a83941e8085068b"

[[package]]
name = "atoi"
version = "0.4.0"
source = "registry+https://github.com/rust-lang/crates.io-index"
checksum = "616896e05fc0e2649463a93a15183c6a16bf03413a7af88ef1285ddedfa9cda5"
dependencies = [
 "num-traits",
]

[[package]]
name = "autocfg"
version = "1.0.1"
source = "registry+https://github.com/rust-lang/crates.io-index"
checksum = "cdb031dd78e28731d87d56cc8ffef4a8f36ca26c38fe2de700543e627f8a464a"

[[package]]
name = "bitflags"
version = "1.2.1"
source = "registry+https://github.com/rust-lang/crates.io-index"
checksum = "cf1de2fe8c75bc145a2f577add951f8134889b4795d47466a54a5c846d691693"

[[package]]
name = "bitvec"
version = "0.19.4"
source = "registry+https://github.com/rust-lang/crates.io-index"
checksum = "a7ba35e9565969edb811639dbebfe34edc0368e472c5018474c8eb2543397f81"
dependencies = [
 "funty",
 "radium",
 "tap",
 "wyz",
]

[[package]]
name = "cfg-if"
version = "0.1.10"
source = "registry+https://github.com/rust-lang/crates.io-index"
checksum = "4785bdd1c96b2a846b2bd7cc02e86b6b3dbf14e7e53446c4f54c92a361040822"

[[package]]
name = "cfg-if"
version = "1.0.0"
source = "registry+https://github.com/rust-lang/crates.io-index"
checksum = "baf1de4339761588bc0619e3cbc0120ee582ebb74b53b4efbf79117bd2da40fd"

[[package]]
name = "const_fn"
version = "0.4.5"
source = "registry+https://github.com/rust-lang/crates.io-index"
checksum = "28b9d6de7f49e22cf97ad17fc4036ece69300032f45f78f30b4a4482cdc3f4a6"

[[package]]
name = "crossbeam-channel"
version = "0.5.0"
source = "registry+https://github.com/rust-lang/crates.io-index"
checksum = "dca26ee1f8d361640700bde38b2c37d8c22b3ce2d360e1fc1c74ea4b0aa7d775"
dependencies = [
 "cfg-if 1.0.0",
 "crossbeam-utils",
]

[[package]]
name = "crossbeam-deque"
version = "0.8.0"
source = "registry+https://github.com/rust-lang/crates.io-index"
checksum = "94af6efb46fef72616855b036a624cf27ba656ffc9be1b9a3c931cfc7749a9a9"
dependencies = [
 "cfg-if 1.0.0",
 "crossbeam-epoch",
 "crossbeam-utils",
]

[[package]]
name = "crossbeam-epoch"
version = "0.9.1"
source = "registry+https://github.com/rust-lang/crates.io-index"
checksum = "a1aaa739f95311c2c7887a76863f500026092fb1dce0161dab577e559ef3569d"
dependencies = [
 "cfg-if 1.0.0",
 "const_fn",
 "crossbeam-utils",
 "lazy_static",
 "memoffset",
 "scopeguard",
]

[[package]]
name = "crossbeam-utils"
version = "0.8.1"
source = "registry+https://github.com/rust-lang/crates.io-index"
checksum = "02d96d1e189ef58269ebe5b97953da3274d83a93af647c2ddd6f9dab28cedb8d"
dependencies = [
 "autocfg",
 "cfg-if 1.0.0",
 "lazy_static",
]

[[package]]
name = "day01a"
version = "0.1.0"
dependencies = [
 "itertools",
]

[[package]]
name = "day01b"
version = "0.1.0"

[[package]]
name = "day02a"
version = "0.1.0"
dependencies = [
 "regex",
]

[[package]]
name = "day02b"
version = "0.1.0"
dependencies = [
 "atoi",
 "nom",
]

[[package]]
name = "day03a"
version = "0.1.0"

[[package]]
name = "day03b"
version = "0.1.0"

[[package]]
name = "day04a"
version = "0.1.0"

[[package]]
name = "day04b"
version = "0.1.0"

[[package]]
name = "day05a"
version = "0.1.0"

[[package]]
name = "day05b"
version = "0.1.0"

[[package]]
name = "day06a"
version = "0.1.0"

[[package]]
name = "day06b"
version = "0.1.0"

[[package]]
name = "day07a"
version = "0.1.0"
dependencies = [
 "lazy_static",
 "regex",
]

[[package]]
name = "day07b"
version = "0.1.0"
dependencies = [
 "lazy_static",
 "regex",
]

[[package]]
name = "day08a"
version = "0.1.0"
dependencies = [
 "atoi",
]

[[package]]
name = "day08b"
version = "0.1.0"
dependencies = [
 "atoi",
]

[[package]]
name = "day09a"
version = "0.1.0"

[[package]]
name = "day09b"
version = "0.1.0"

[[package]]
name = "day10a"
version = "0.1.0"

[[package]]
name = "day10b"
version = "0.1.0"

[[package]]
name = "day11a"
version = "0.1.0"

[[package]]
name = "day11b"
version = "0.1.0"

[[package]]
name = "day12a"
version = "0.1.0"
dependencies = [
 "atoi",
]

[[package]]
name = "day12b"
version = "0.1.0"
dependencies = [
 "atoi",
]

[[package]]
name = "day13a"
version = "0.1.0"

[[package]]
name = "day13b"
version = "0.1.0"
dependencies = [
 "ring-algorithm",
]

[[package]]
name = "day14a"
version = "0.1.0"
dependencies = [
 "regex",
]

[[package]]
name = "day14b"
version = "0.1.0"
dependencies = [
 "regex",
]

[[package]]
name = "day15a"
version = "0.1.0"

[[package]]
name = "day15b"
version = "0.1.0"

[[package]]
name = "day16a"
version = "0.1.0"
dependencies = [
 "regex",
]

[[package]]
name = "day16b"
version = "0.1.0"
dependencies = [
 "regex",
]

[[package]]
name = "day17a"
version = "0.1.0"

[[package]]
name = "day17b"
version = "0.1.0"

[[package]]
name = "day18a"
version = "0.1.0"
dependencies = [
 "nom",
]

[[package]]
name = "day18b"
version = "0.1.0"
dependencies = [
 "nom",
]

[[package]]
name = "day19a"
version = "0.1.0"

[[package]]
name = "day19b"
version = "0.1.0"

[[package]]
name = "day20a"
version = "0.1.0"

[[package]]
name = "day20b"
version = "0.1.0"

[[package]]
name = "day21a"
version = "0.1.0"

[[package]]
name = "day21b"
version = "0.1.0"

[[package]]
name = "day22a"
version = "0.1.0"

[[package]]
name = "day22b"
version = "0.1.0"

[[package]]
name = "day23a"
version = "0.1.0"

[[package]]
name = "day23b"
version = "0.1.0"

[[package]]
name = "day24a"
version = "0.1.0"

[[package]]
name = "day24b"
version = "0.1.0"

[[package]]
name = "day25a"
version = "0.1.0"

[[package]]
name = "either"
version = "1.6.1"
source = "registry+https://github.com/rust-lang/crates.io-index"
checksum = "e78d4f1cc4ae33bbfc157ed5d5a5ef3bc29227303d595861deb238fcec4e9457"

[[package]]
name = "funty"
version = "1.0.1"
source = "registry+https://github.com/rust-lang/crates.io-index"
checksum = "0ba62103ce691c2fd80fbae2213dfdda9ce60804973ac6b6e97de818ea7f52c8"

[[package]]
name = "hermit-abi"
version = "0.1.18"
source = "registry+https://github.com/rust-lang/crates.io-index"
checksum = "322f4de77956e22ed0e5032c359a0f1273f1f7f0d79bfa3b8ffbc730d7fbcc5c"
dependencies = [
 "libc",
]

[[package]]
name = "itertools"
version = "0.9.0"
source = "registry+https://github.com/rust-lang/crates.io-index"
checksum = "284f18f85651fe11e8a991b2adb42cb078325c996ed026d994719efcfca1d54b"
dependencies = [
 "either",
]

[[package]]
name = "lazy_static"
version = "1.4.0"
source = "registry+https://github.com/rust-lang/crates.io-index"
checksum = "e2abad23fbc42b3700f2f279844dc832adb2b2eb069b2df918f455c4e18cc646"

[[package]]
name = "lexical-core"
version = "0.7.4"
source = "registry+https://github.com/rust-lang/crates.io-index"
checksum = "db65c6da02e61f55dae90a0ae427b2a5f6b3e8db09f58d10efab23af92592616"
dependencies = [
 "arrayvec",
 "bitflags",
 "cfg-if 0.1.10",
 "ryu",
 "static_assertions",
]

[[package]]
name = "libc"
version = "0.2.82"
source = "registry+https://github.com/rust-lang/crates.io-index"
checksum = "89203f3fba0a3795506acaad8ebce3c80c0af93f994d5a1d7a0b1eeb23271929"

[[package]]
name = "memchr"
version = "2.3.4"
source = "registry+https://github.com/rust-lang/crates.io-index"
checksum = "0ee1c47aaa256ecabcaea351eae4a9b01ef39ed810004e298d2511ed284b1525"

[[package]]
name = "memoffset"
version = "0.6.1"
source = "registry+https://github.com/rust-lang/crates.io-index"
checksum = "157b4208e3059a8f9e78d559edc658e13df41410cb3ae03979c83130067fdd87"
dependencies = [
 "autocfg",
]

[[package]]
name = "nom"
version = "6.0.1"
source = "registry+https://github.com/rust-lang/crates.io-index"
checksum = "88034cfd6b4a0d54dd14f4a507eceee36c0b70e5a02236c4e4df571102be17f0"
dependencies = [
 "bitvec",
 "lexical-core",
 "memchr",
 "version_check",
]

[[package]]
name = "num-bigint"
version = "0.3.1"
source = "registry+https://github.com/rust-lang/crates.io-index"
checksum = "5e9a41747ae4633fce5adffb4d2e81ffc5e89593cb19917f8fb2cc5ff76507bf"
dependencies = [
 "autocfg",
 "num-integer",
 "num-traits",
]

[[package]]
name = "num-integer"
version = "0.1.44"
source = "registry+https://github.com/rust-lang/crates.io-index"
checksum = "d2cc698a63b549a70bc047073d2949cce27cd1c7b0a4a862d08a8031bc2801db"
dependencies = [
 "autocfg",
 "num-traits",
]

[[package]]
name = "num-traits"
version = "0.2.14"
source = "registry+https://github.com/rust-lang/crates.io-index"
checksum = "9a64b1ec5cda2586e284722486d802acf1f7dbdc623e2bfc57e65ca1cd099290"
dependencies = [
 "autocfg",
]

[[package]]
name = "num_cpus"
version = "1.13.0"
source = "registry+https://github.com/rust-lang/crates.io-index"
checksum = "05499f3756671c15885fee9034446956fff3f243d6077b91e5767df161f766b3"
dependencies = [
 "hermit-abi",
 "libc",
]

[[package]]
name = "radium"
version = "0.5.3"
source = "registry+https://github.com/rust-lang/crates.io-index"
checksum = "941ba9d78d8e2f7ce474c015eea4d9c6d25b6a3327f9832ee29a4de27f91bbb8"

[[package]]
name = "rayon"
version = "1.5.0"
source = "registry+https://github.com/rust-lang/crates.io-index"
checksum = "8b0d8e0819fadc20c74ea8373106ead0600e3a67ef1fe8da56e39b9ae7275674"
dependencies = [
 "autocfg",
 "crossbeam-deque",
 "either",
 "rayon-core",
]

[[package]]
name = "rayon-core"
version = "1.9.0"
source = "registry+https://github.com/rust-lang/crates.io-index"
checksum = "9ab346ac5921dc62ffa9f89b7a773907511cdfa5490c572ae9be1be33e8afa4a"
dependencies = [
 "crossbeam-channel",
 "crossbeam-deque",
 "crossbeam-utils",
 "lazy_static",
 "num_cpus",
]

[[package]]
name = "regex"
version = "1.4.2"
source = "registry+https://github.com/rust-lang/crates.io-index"
checksum = "38cf2c13ed4745de91a5eb834e11c00bcc3709e773173b2ce4c56c9fbde04b9c"
dependencies = [
 "aho-corasick",
 "memchr",
 "regex-syntax",
 "thread_local",
]

[[package]]
name = "regex-syntax"
version = "0.6.21"
source = "registry+https://github.com/rust-lang/crates.io-index"
checksum = "3b181ba2dcf07aaccad5448e8ead58db5b742cf85dfe035e2227f137a539a189"

[[package]]
name = "ring-algorithm"
version = "0.2.2"
source = "registry+https://github.com/rust-lang/crates.io-index"
checksum = "3ccd69a4dcb0a223da1fa1559dcee71e2258db3a5857de3abc3cc6130f502424"
dependencies = [
 "num-bigint",
 "num-traits",
 "take_mut",
]

[[package]]
name = "runner"
version = "0.1.0"
dependencies = [
 "day01a",
 "day01b",
 "day02a",
 "day02b",
 "day03a",
 "day03b",
 "day04a",
 "day04b",
 "day05a",
 "day05b",
 "day06a",
 "day06b",
 "day07a",
 "day07b",
 "day08a",
 "day08b",
 "day09a",
 "day09b",
 "day10a",
 "day10b",
 "day11a",
 "day11b",
 "day12a",
 "day12b",
 "day13a",
 "day13b",
 "day14a",
 "day14b",
 "day15a",
 "day15b",
 "day16a",
 "day16b",
 "day17a",
 "day17b",
 "day18a",
 "day18b",
 "day19a",
 "day19b",
 "day20a",
 "day20b",
 "day21a",
 "day21b",
 "day22a",
 "day22b",
 "day23a",
 "day23b",
 "day24a",
 "day24b",
 "day25a",
 "rayon",
 "took",
]

[[package]]
name = "ryu"
version = "1.0.5"
source = "registry+https://github.com/rust-lang/crates.io-index"
checksum = "71d301d4193d031abdd79ff7e3dd721168a9572ef3fe51a1517aba235bd8f86e"

[[package]]
name = "scopeguard"
version = "1.1.0"
source = "registry+https://github.com/rust-lang/crates.io-index"
checksum = "d29ab0c6d3fc0ee92fe66e2d99f700eab17a8d57d1c1d3b748380fb20baa78cd"

[[package]]
name = "static_assertions"
version = "1.1.0"
source = "registry+https://github.com/rust-lang/crates.io-index"
checksum = "a2eb9349b6444b326872e140eb1cf5e7c522154d69e7a0ffb0fb81c06b37543f"

[[package]]
name = "take_mut"
version = "0.2.2"
source = "registry+https://github.com/rust-lang/crates.io-index"
checksum = "f764005d11ee5f36500a149ace24e00e3da98b0158b3e2d53a7495660d3f4d60"

[[package]]
name = "tap"
version = "1.0.0"
source = "registry+https://github.com/rust-lang/crates.io-index"
checksum = "36474e732d1affd3a6ed582781b3683df3d0563714c59c39591e8ff707cf078e"

[[package]]
name = "thread_local"
version = "1.0.1"
source = "registry+https://github.com/rust-lang/crates.io-index"
checksum = "d40c6d1b69745a6ec6fb1ca717914848da4b44ae29d9b3080cbee91d72a69b14"
dependencies = [
 "lazy_static",
]

[[package]]
name = "took"
version = "0.1.2"
source = "registry+https://github.com/rust-lang/crates.io-index"
checksum = "af1ea65cb083be6f0b13ba9a26eec5eb563e55198e318cbb0f525d593fbd349e"

[[package]]
name = "version_check"
version = "0.9.2"
source = "registry+https://github.com/rust-lang/crates.io-index"
checksum = "b5a972e5669d67ba988ce3dc826706fb0a8b01471c088cb0b6110b805cc36aed"

[[package]]
name = "wyz"
version = "0.2.0"
source = "registry+https://github.com/rust-lang/crates.io-index"
checksum = "85e60b0d1b5f99db2556934e21937020776a5d31520bf169e851ac44e6420214"
