# This file is automatically @generated by Cargo.
# It is not intended for manual editing.
version = 3

[[package]]
name = "aho-corasick"
version = "0.7.15"
source = "registry+https://github.com/rust-lang/crates.io-index"
checksum = "7404febffaa47dac81aa44dba71523c9d069b1bdc50a77db41195149e17f68e5"
dependencies = [
 "memchr",
]

[[package]]
name = "arrayvec"
version = "0.5.2"
source = "registry+https://github.com/rust-lang/crates.io-index"
checksum = "23b62fc65de8e4e7f52534fb52b0f3ed04746ae267519eef2a83941e8085068b"

[[package]]
name = "atoi"
version = "0.4.0"
source = "registry+https://github.com/rust-lang/crates.io-index"
checksum = "616896e05fc0e2649463a93a15183c6a16bf03413a7af88ef1285ddedfa9cda5"
dependencies = [
 "num-traits",
]

[[package]]
name = "autocfg"
version = "1.0.1"
source = "registry+https://github.com/rust-lang/crates.io-index"
checksum = "cdb031dd78e28731d87d56cc8ffef4a8f36ca26c38fe2de700543e627f8a464a"

[[package]]
name = "bitflags"
version = "1.3.2"
source = "registry+https://github.com/rust-lang/crates.io-index"
checksum = "bef38d45163c2f1dde094a7dfd33ccf595c92905c8f8f4fdc18d06fb1037718a"

[[package]]
name = "bitvec"
version = "0.19.6"
source = "registry+https://github.com/rust-lang/crates.io-index"
checksum = "55f93d0ef3363c364d5976646a38f04cf67cfe1d4c8d160cdea02cab2c116b33"
dependencies = [
 "funty",
 "radium",
 "tap",
 "wyz",
]

[[package]]
name = "cfg-if"
version = "1.0.0"
source = "registry+https://github.com/rust-lang/crates.io-index"
checksum = "baf1de4339761588bc0619e3cbc0120ee582ebb74b53b4efbf79117bd2da40fd"

[[package]]
name = "crossbeam-channel"
version = "0.5.1"
source = "registry+https://github.com/rust-lang/crates.io-index"
checksum = "06ed27e177f16d65f0f0c22a213e17c696ace5dd64b14258b52f9417ccb52db4"
dependencies = [
 "cfg-if",
 "crossbeam-utils",
]

[[package]]
name = "crossbeam-deque"
version = "0.8.1"
source = "registry+https://github.com/rust-lang/crates.io-index"
checksum = "6455c0ca19f0d2fbf751b908d5c55c1f5cbc65e03c4225427254b46890bdde1e"
dependencies = [
 "cfg-if",
 "crossbeam-epoch",
 "crossbeam-utils",
]

[[package]]
name = "crossbeam-epoch"
version = "0.9.5"
source = "registry+https://github.com/rust-lang/crates.io-index"
checksum = "4ec02e091aa634e2c3ada4a392989e7c3116673ef0ac5b72232439094d73b7fd"
dependencies = [
 "cfg-if",
 "crossbeam-utils",
 "lazy_static",
 "memoffset",
 "scopeguard",
]

[[package]]
name = "crossbeam-utils"
version = "0.8.5"
source = "registry+https://github.com/rust-lang/crates.io-index"
checksum = "d82cfc11ce7f2c3faef78d8a684447b40d503d9681acebed6cb728d45940c4db"
dependencies = [
 "cfg-if",
 "lazy_static",
]

[[package]]
name = "day01a"
version = "0.1.0"
dependencies = [
 "itertools",
]

[[package]]
name = "day01b"
version = "0.1.0"

[[package]]
name = "day02a"
version = "0.1.0"
dependencies = [
 "regex",
]

[[package]]
name = "day02b"
version = "0.1.0"
dependencies = [
 "atoi",
 "nom",
]

[[package]]
name = "day03a"
version = "0.1.0"

[[package]]
name = "day03b"
version = "0.1.0"

[[package]]
name = "day04a"
version = "0.1.0"

[[package]]
name = "day04b"
version = "0.1.0"

[[package]]
name = "day05a"
version = "0.1.0"

[[package]]
name = "day05b"
version = "0.1.0"

[[package]]
name = "day06a"
version = "0.1.0"

[[package]]
name = "day06b"
version = "0.1.0"

[[package]]
name = "day07a"
version = "0.1.0"
dependencies = [
 "lazy_static",
 "regex",
]

[[package]]
name = "day07b"
version = "0.1.0"
dependencies = [
 "lazy_static",
 "regex",
]

[[package]]
name = "day08a"
version = "0.1.0"
dependencies = [
 "atoi",
]

[[package]]
name = "day08b"
version = "0.1.0"
dependencies = [
 "atoi",
]

[[package]]
name = "day09a"
version = "0.1.0"

[[package]]
name = "day09b"
version = "0.1.0"

[[package]]
name = "day10a"
version = "0.1.0"

[[package]]
name = "day10b"
version = "0.1.0"

[[package]]
name = "day11a"
version = "0.1.0"

[[package]]
name = "day11b"
version = "0.1.0"

[[package]]
name = "day12a"
version = "0.1.0"
dependencies = [
 "atoi",
]

[[package]]
name = "day12b"
version = "0.1.0"
dependencies = [
 "atoi",
]

[[package]]
name = "day13a"
version = "0.1.0"

[[package]]
name = "day13b"
version = "0.1.0"
dependencies = [
 "ring-algorithm",
]

[[package]]
name = "day14a"
version = "0.1.0"
dependencies = [
 "regex",
]

[[package]]
name = "day14b"
version = "0.1.0"
dependencies = [
 "regex",
]

[[package]]
name = "day15a"
version = "0.1.0"

[[package]]
name = "day15b"
version = "0.1.0"

[[package]]
name = "day16a"
version = "0.1.0"
dependencies = [
 "regex",
]

[[package]]
name = "day16b"
version = "0.1.0"
dependencies = [
 "regex",
]

[[package]]
name = "day17a"
version = "0.1.0"

[[package]]
name = "day17b"
version = "0.1.0"

[[package]]
name = "day18a"
version = "0.1.0"
dependencies = [
 "nom",
]

[[package]]
name = "day18b"
version = "0.1.0"
dependencies = [
 "nom",
]

[[package]]
name = "day19a"
version = "0.1.0"

[[package]]
name = "day19b"
version = "0.1.0"

[[package]]
name = "day20a"
version = "0.1.0"

[[package]]
name = "day20b"
version = "0.1.0"

[[package]]
name = "day21a"
version = "0.1.0"

[[package]]
name = "day21b"
version = "0.1.0"

[[package]]
name = "day22a"
version = "0.1.0"

[[package]]
name = "day22b"
version = "0.1.0"

[[package]]
name = "day23a"
version = "0.1.0"

[[package]]
name = "day23b"
version = "0.1.0"

[[package]]
name = "day24a"
version = "0.1.0"

[[package]]
name = "day24b"
version = "0.1.0"

[[package]]
name = "day25a"
version = "0.1.0"

[[package]]
name = "either"
version = "1.6.1"
source = "registry+https://github.com/rust-lang/crates.io-index"
checksum = "e78d4f1cc4ae33bbfc157ed5d5a5ef3bc29227303d595861deb238fcec4e9457"

[[package]]
name = "funty"
version = "1.1.0"
source = "registry+https://github.com/rust-lang/crates.io-index"
checksum = "fed34cd105917e91daa4da6b3728c47b068749d6a62c59811f06ed2ac71d9da7"

[[package]]
name = "hermit-abi"
version = "0.1.19"
source = "registry+https://github.com/rust-lang/crates.io-index"
checksum = "62b467343b94ba476dcb2500d242dadbb39557df889310ac77c5d99100aaac33"
dependencies = [
 "libc",
]

[[package]]
name = "itertools"
version = "0.9.0"
source = "registry+https://github.com/rust-lang/crates.io-index"
checksum = "284f18f85651fe11e8a991b2adb42cb078325c996ed026d994719efcfca1d54b"
dependencies = [
 "either",
]

[[package]]
name = "lazy_static"
version = "1.4.0"
source = "registry+https://github.com/rust-lang/crates.io-index"
checksum = "e2abad23fbc42b3700f2f279844dc832adb2b2eb069b2df918f455c4e18cc646"

[[package]]
name = "lexical-core"
version = "0.7.6"
source = "registry+https://github.com/rust-lang/crates.io-index"
checksum = "6607c62aa161d23d17a9072cc5da0be67cdfc89d3afb1e8d9c842bebc2525ffe"
dependencies = [
 "arrayvec",
 "bitflags",
 "cfg-if",
 "ryu",
 "static_assertions",
]

[[package]]
name = "libc"
version = "0.2.108"
source = "registry+https://github.com/rust-lang/crates.io-index"
checksum = "8521a1b57e76b1ec69af7599e75e38e7b7fad6610f037db8c79b127201b5d119"

[[package]]
name = "memchr"
version = "2.3.4"
source = "registry+https://github.com/rust-lang/crates.io-index"
checksum = "0ee1c47aaa256ecabcaea351eae4a9b01ef39ed810004e298d2511ed284b1525"

[[package]]
name = "memoffset"
version = "0.6.4"
source = "registry+https://github.com/rust-lang/crates.io-index"
checksum = "59accc507f1338036a0477ef61afdae33cde60840f4dfe481319ce3ad116ddf9"
dependencies = [
 "autocfg",
]

[[package]]
name = "nom"
version = "6.2.1"
source = "registry+https://github.com/rust-lang/crates.io-index"
checksum = "9c5c51b9083a3c620fa67a2a635d1ce7d95b897e957d6b28ff9a5da960a103a6"
dependencies = [
 "bitvec",
 "funty",
 "lexical-core",
 "memchr",
 "version_check",
]

[[package]]
name = "num-bigint"
version = "0.3.3"
source = "registry+https://github.com/rust-lang/crates.io-index"
checksum = "5f6f7833f2cbf2360a6cfd58cd41a53aa7a90bd4c202f5b1c7dd2ed73c57b2c3"
dependencies = [
 "autocfg",
 "num-integer",
 "num-traits",
]

[[package]]
name = "num-integer"
version = "0.1.44"
source = "registry+https://github.com/rust-lang/crates.io-index"
checksum = "d2cc698a63b549a70bc047073d2949cce27cd1c7b0a4a862d08a8031bc2801db"
dependencies = [
 "autocfg",
 "num-traits",
]

[[package]]
name = "num-traits"
version = "0.2.14"
source = "registry+https://github.com/rust-lang/crates.io-index"
checksum = "9a64b1ec5cda2586e284722486d802acf1f7dbdc623e2bfc57e65ca1cd099290"
dependencies = [
 "autocfg",
]

[[package]]
name = "num_cpus"
version = "1.13.0"
source = "registry+https://github.com/rust-lang/crates.io-index"
checksum = "05499f3756671c15885fee9034446956fff3f243d6077b91e5767df161f766b3"
dependencies = [
 "hermit-abi",
 "libc",
]

[[package]]
name = "radium"
version = "0.5.3"
source = "registry+https://github.com/rust-lang/crates.io-index"
checksum = "941ba9d78d8e2f7ce474c015eea4d9c6d25b6a3327f9832ee29a4de27f91bbb8"

[[package]]
name = "rayon"
version = "1.5.1"
source = "registry+https://github.com/rust-lang/crates.io-index"
checksum = "c06aca804d41dbc8ba42dfd964f0d01334eceb64314b9ecf7c5fad5188a06d90"
dependencies = [
 "autocfg",
 "crossbeam-deque",
 "either",
 "rayon-core",
]

[[package]]
name = "rayon-core"
version = "1.9.1"
source = "registry+https://github.com/rust-lang/crates.io-index"
checksum = "d78120e2c850279833f1dd3582f730c4ab53ed95aeaaaa862a2a5c71b1656d8e"
dependencies = [
 "crossbeam-channel",
 "crossbeam-deque",
 "crossbeam-utils",
 "lazy_static",
 "num_cpus",
]

[[package]]
name = "regex"
version = "1.4.6"
source = "registry+https://github.com/rust-lang/crates.io-index"
checksum = "2a26af418b574bd56588335b3a3659a65725d4e636eb1016c2f9e3b38c7cc759"
dependencies = [
 "aho-corasick",
 "memchr",
 "regex-syntax",
]

[[package]]
name = "regex-syntax"
version = "0.6.25"
source = "registry+https://github.com/rust-lang/crates.io-index"
checksum = "f497285884f3fcff424ffc933e56d7cbca511def0c9831a7f9b5f6153e3cc89b"

[[package]]
name = "ring-algorithm"
version = "0.2.3"
source = "registry+https://github.com/rust-lang/crates.io-index"
checksum = "ef97b6162a505432db23759895f5c16b9464167d88c895f151fdcdc3ad816d89"
dependencies = [
 "num-bigint",
 "num-traits",
 "take_mut",
]

[[package]]
name = "runner"
version = "0.1.0"
dependencies = [
 "day01a",
 "day01b",
 "day02a",
 "day02b",
 "day03a",
 "day03b",
 "day04a",
 "day04b",
 "day05a",
 "day05b",
 "day06a",
 "day06b",
 "day07a",
 "day07b",
 "day08a",
 "day08b",
 "day09a",
 "day09b",
 "day10a",
 "day10b",
 "day11a",
 "day11b",
 "day12a",
 "day12b",
 "day13a",
 "day13b",
 "day14a",
 "day14b",
 "day15a",
 "day15b",
 "day16a",
 "day16b",
 "day17a",
 "day17b",
 "day18a",
 "day18b",
 "day19a",
 "day19b",
 "day20a",
 "day20b",
 "day21a",
 "day21b",
 "day22a",
 "day22b",
 "day23a",
 "day23b",
 "day24a",
 "day24b",
 "day25a",
 "rayon",
 "took",
]

[[package]]
name = "ryu"
version = "1.0.6"
source = "registry+https://github.com/rust-lang/crates.io-index"
checksum = "3c9613b5a66ab9ba26415184cfc41156594925a9cf3a2057e57f31ff145f6568"

[[package]]
name = "scopeguard"
version = "1.1.0"
source = "registry+https://github.com/rust-lang/crates.io-index"
checksum = "d29ab0c6d3fc0ee92fe66e2d99f700eab17a8d57d1c1d3b748380fb20baa78cd"

[[package]]
name = "static_assertions"
version = "1.1.0"
source = "registry+https://github.com/rust-lang/crates.io-index"
checksum = "a2eb9349b6444b326872e140eb1cf5e7c522154d69e7a0ffb0fb81c06b37543f"

[[package]]
name = "take_mut"
version = "0.2.2"
source = "registry+https://github.com/rust-lang/crates.io-index"
checksum = "f764005d11ee5f36500a149ace24e00e3da98b0158b3e2d53a7495660d3f4d60"

[[package]]
name = "tap"
version = "1.0.1"
source = "registry+https://github.com/rust-lang/crates.io-index"
checksum = "55937e1799185b12863d447f42597ed69d9928686b8d88a1df17376a097d8369"

[[package]]
name = "took"
version = "0.1.2"
source = "registry+https://github.com/rust-lang/crates.io-index"
checksum = "af1ea65cb083be6f0b13ba9a26eec5eb563e55198e318cbb0f525d593fbd349e"

[[package]]
name = "version_check"
version = "0.9.3"
source = "registry+https://github.com/rust-lang/crates.io-index"
checksum = "5fecdca9a5291cc2b8dcf7dc02453fee791a280f3743cb0905f8822ae463b3fe"

[[package]]
name = "wyz"
version = "0.2.0"
source = "registry+https://github.com/rust-lang/crates.io-index"
checksum = "85e60b0d1b5f99db2556934e21937020776a5d31520bf169e851ac44e6420214"
